SITE
  remote: https://supermarket.getchef.com/api/v1
  specs:
    build-essential (3.0.0)
      seven_zip (>= 0.0.0)
    chef_handler (1.3.0)
    homebrew (2.0.5)
      build-essential (>= 2.1.2)
    seven_zip (2.0.0)
      windows (>= 1.2.2)
    windows (1.39.2)
      chef_handler (>= 0.0.0)

GIT
  remote: https://github.com/pivotal-sprout/sprout-base
  ref: master
  sha: 343d6cb841f37d23b849e149a9e64496911ddf7e
  specs:
    sprout-base (0.3.0)
      homebrew (>= 0.0.0)

GIT
  remote: https://github.com/pivotal-sprout/sprout-homebrew
  ref: master
  sha: 1d927c4fafd2c6f331f292375a6620099908a773
  specs:
    sprout-homebrew (0.3.0)
      sprout-base (>= 0.0.0)

PATH
  remote: .
  specs:
    cf-vim (0.1.0)
      homebrew (>= 0.0.0)
      sprout-base (>= 0.0.0)
      sprout-homebrew (>= 0.0.0)

DEPENDENCIES
  cf-vim (>= 0)
  sprout-base (>= 0)
  sprout-homebrew (>= 0)

